
Microsoft Visual Studio Solution File, Format Version 12.00
# Visual Studio Version 16
VisualStudioVersion = 16.0.31829.152
MinimumVisualStudioVersion = 10.0.40219.1
Project("{2150E333-8FDC-42A3-9474-1A3956D46DE8}") = "Doc", "Doc", "{C2D139A8-CB91-4AAD-93FA-65943A672A99}"
EndProject
Project("{2150E333-8FDC-42A3-9474-1A3956D46DE8}") = "Src", "Src", "{F11BD5FD-0B0B-4D50-8E28-B1038CA52D53}"
EndProject
Project("{2150E333-8FDC-42A3-9474-1A3956D46DE8}") = "Test", "Test", "{168D51EC-DE9E-4662-A814-883A7CC62670}"
EndProject
Project("{2150E333-8FDC-42A3-9474-1A3956D46DE8}") = "Core", "Core", "{85CD3496-DDC9-4B5B-A87A-E5F77DE6186B}"
EndProject
Project("{2150E333-8FDC-42A3-9474-1A3956D46DE8}") = "Infrastructure", "Infrastructure", "{A7D427D6-C973-49E0-AA5D-01B8730D4D5C}"
EndProject
Project("{2150E333-8FDC-42A3-9474-1A3956D46DE8}") = "Presentation", "Presentation", "{C3048AE1-F601-4236-BB89-A7AA6212A2EB}"
EndProject
Project("{2150E333-8FDC-42A3-9474-1A3956D46DE8}") = "Common", "Common", "{FBEBF9B3-F711-4BAE-B2BD-21260AC88887}"
EndProject
Project("{FAE04EC0-301F-11D3-BF4B-00C04F79EFBC}") = "Clean_Store.Domain", "Clean_Store.Domain\Clean_Store.Domain.csproj", "{4BD63490-394E-4134-BCDB-BDF2761BC9F7}"
EndProject
Project("{FAE04EC0-301F-11D3-BF4B-00C04F79EFBC}") = "Clean_Store.Application", "Clean_Store.Application\Clean_Store.Application.csproj", "{D5842C4E-8174-49C1-847D-68EF9AEDDA4B}"
EndProject
Project("{FAE04EC0-301F-11D3-BF4B-00C04F79EFBC}") = "Clean_Store.Infrastructure", "Clean_Store.Infrastructure\Clean_Store.Infrastructure.csproj", "{B571E1ED-EA57-4A73-84FA-B8F025F0E3AC}"
EndProject
Project("{FAE04EC0-301F-11D3-BF4B-00C04F79EFBC}") = "Clean_Store.Persistence", "Clean_Store.Persistence\Clean_Store.Persistence.csproj", "{B3DB10E9-CAD7-4C74-84A3-F6C051706999}"
EndProject
Project("{FAE04EC0-301F-11D3-BF4B-00C04F79EFBC}") = "Clean_Store.Common", "Clean_Store.Common\Clean_Store.Common.csproj", "{6D22A99E-68FD-4A38-A9D0-E2DFE85D19D9}"
EndProject
Project("{FAE04EC0-301F-11D3-BF4B-00C04F79EFBC}") = "EndPoint.Site", "EndPoint.Site\EndPoint.Site.csproj", "{696073D1-A3D9-4178-8937-3461A127509D}"
EndProject
Global
	GlobalSection(SolutionConfigurationPlatforms) = preSolution
		Debug|Any CPU = Debug|Any CPU
		Release|Any CPU = Release|Any CPU
	EndGlobalSection
	GlobalSection(ProjectConfigurationPlatforms) = postSolution
		{4BD63490-394E-4134-BCDB-BDF2761BC9F7}.Debug|Any CPU.ActiveCfg = Debug|Any CPU
		{4BD63490-394E-4134-BCDB-BDF2761BC9F7}.Debug|Any CPU.Build.0 = Debug|Any CPU
		{4BD63490-394E-4134-BCDB-BDF2761BC9F7}.Release|Any CPU.ActiveCfg = Release|Any CPU
		{4BD63490-394E-4134-BCDB-BDF2761BC9F7}.Release|Any CPU.Build.0 = Release|Any CPU
		{D5842C4E-8174-49C1-847D-68EF9AEDDA4B}.Debug|Any CPU.ActiveCfg = Debug|Any CPU
		{D5842C4E-8174-49C1-847D-68EF9AEDDA4B}.Debug|Any CPU.Build.0 = Debug|Any CPU
		{D5842C4E-8174-49C1-847D-68EF9AEDDA4B}.Release|Any CPU.ActiveCfg = Release|Any CPU
		{D5842C4E-8174-49C1-847D-68EF9AEDDA4B}.Release|Any CPU.Build.0 = Release|Any CPU
		{B571E1ED-EA57-4A73-84FA-B8F025F0E3AC}.Debug|Any CPU.ActiveCfg = Debug|Any CPU
		{B571E1ED-EA57-4A73-84FA-B8F025F0E3AC}.Debug|Any CPU.Build.0 = Debug|Any CPU
		{B571E1ED-EA57-4A73-84FA-B8F025F0E3AC}.Release|Any CPU.ActiveCfg = Release|Any CPU
		{B571E1ED-EA57-4A73-84FA-B8F025F0E3AC}.Release|Any CPU.Build.0 = Release|Any CPU
		{B3DB10E9-CAD7-4C74-84A3-F6C051706999}.Debug|Any CPU.ActiveCfg = Debug|Any CPU
		{B3DB10E9-CAD7-4C74-84A3-F6C051706999}.Debug|Any CPU.Build.0 = Debug|Any CPU
		{B3DB10E9-CAD7-4C74-84A3-F6C051706999}.Release|Any CPU.ActiveCfg = Release|Any CPU
		{B3DB10E9-CAD7-4C74-84A3-F6C051706999}.Release|Any CPU.Build.0 = Release|Any CPU
		{6D22A99E-68FD-4A38-A9D0-E2DFE85D19D9}.Debug|Any CPU.ActiveCfg = Debug|Any CPU
		{6D22A99E-68FD-4A38-A9D0-E2DFE85D19D9}.Debug|Any CPU.Build.0 = Debug|Any CPU
		{6D22A99E-68FD-4A38-A9D0-E2DFE85D19D9}.Release|Any CPU.ActiveCfg = Release|Any CPU
		{6D22A99E-68FD-4A38-A9D0-E2DFE85D19D9}.Release|Any CPU.Build.0 = Release|Any CPU
		{696073D1-A3D9-4178-8937-3461A127509D}.Debug|Any CPU.ActiveCfg = Debug|Any CPU
		{696073D1-A3D9-4178-8937-3461A127509D}.Debug|Any CPU.Build.0 = Debug|Any CPU
		{696073D1-A3D9-4178-8937-3461A127509D}.Release|Any CPU.ActiveCfg = Release|Any CPU
		{696073D1-A3D9-4178-8937-3461A127509D}.Release|Any CPU.Build.0 = Release|Any CPU
	EndGlobalSection
	GlobalSection(SolutionProperties) = preSolution
		HideSolutionNode = FALSE
	EndGlobalSection
	GlobalSection(NestedProjects) = preSolution
		{85CD3496-DDC9-4B5B-A87A-E5F77DE6186B} = {F11BD5FD-0B0B-4D50-8E28-B1038CA52D53}
		{A7D427D6-C973-49E0-AA5D-01B8730D4D5C} = {F11BD5FD-0B0B-4D50-8E28-B1038CA52D53}
		{C3048AE1-F601-4236-BB89-A7AA6212A2EB} = {F11BD5FD-0B0B-4D50-8E28-B1038CA52D53}
		{FBEBF9B3-F711-4BAE-B2BD-21260AC88887} = {F11BD5FD-0B0B-4D50-8E28-B1038CA52D53}
		{4BD63490-394E-4134-BCDB-BDF2761BC9F7} = {85CD3496-DDC9-4B5B-A87A-E5F77DE6186B}
		{D5842C4E-8174-49C1-847D-68EF9AEDDA4B} = {85CD3496-DDC9-4B5B-A87A-E5F77DE6186B}
		{B571E1ED-EA57-4A73-84FA-B8F025F0E3AC} = {A7D427D6-C973-49E0-AA5D-01B8730D4D5C}
		{B3DB10E9-CAD7-4C74-84A3-F6C051706999} = {A7D427D6-C973-49E0-AA5D-01B8730D4D5C}
		{6D22A99E-68FD-4A38-A9D0-E2DFE85D19D9} = {FBEBF9B3-F711-4BAE-B2BD-21260AC88887}
		{696073D1-A3D9-4178-8937-3461A127509D} = {C3048AE1-F601-4236-BB89-A7AA6212A2EB}
	EndGlobalSection
	GlobalSection(ExtensibilityGlobals) = postSolution
		SolutionGuid = {C7AD6439-624C-4F64-B809-7FB179955C06}
	EndGlobalSection
EndGlobal
